
Microsoft Visual Studio Solution File, Format Version 12.00
# Visual Studio 15
VisualStudioVersion = 15.0.25807.0
MinimumVisualStudioVersion = 10.0.40219.1
Project("{2150E333-8FDC-42A3-9474-1A3956D46DE8}") = "Engine", "Engine", "{2FDB9CB2-9521-4C44-B806-BD3A5A47975F}"
EndProject
Project("{2150E333-8FDC-42A3-9474-1A3956D46DE8}") = "Games", "Games", "{CD54E053-1B7B-4B65-858B-912FFEBDF7A5}"
EndProject
Project("{8BC9CEB8-8B4A-11D0-8D11-00A0C91BC942}") = "UE4", "Intermediate\ProjectFiles\UE4.vcxproj", "{9388BF0E-9A2A-4476-8049-EB606584AAD4}"
EndProject
Project("{8BC9CEB8-8B4A-11D0-8D11-00A0C91BC942}") = "Chainsaw House", "Intermediate\ProjectFiles\Chainsaw House.vcxproj", "{11006450-078D-4395-BC6D-6D3BC48B2A59}"
EndProject
Project("{2150E333-8FDC-42A3-9474-1A3956D46DE8}") = "Visualizers", "Visualizers", "{2F550341-8F47-4705-A3CD-BC8B20848EE0}"
	ProjectSection(SolutionItems) = preProject
		..\..\..\..\..\..\Program Files\Epic Games\UE_4.22\Engine\Extras\VisualStudioDebugging\UE4.natvis = ..\..\..\..\..\..\Program Files\Epic Games\UE_4.22\Engine\Extras\VisualStudioDebugging\UE4.natvis
	EndProjectSection
EndProject
Global
	GlobalSection(SolutionConfigurationPlatforms) = preSolution
		DebugGame Editor|HTML5 = DebugGame Editor|HTML5
		DebugGame Editor|Win32 = DebugGame Editor|Win32
		DebugGame Editor|Win64 = DebugGame Editor|Win64
		DebugGame|HTML5 = DebugGame|HTML5
		DebugGame|Win32 = DebugGame|Win32
		DebugGame|Win64 = DebugGame|Win64
		Development Editor|HTML5 = Development Editor|HTML5
		Development Editor|Win32 = Development Editor|Win32
		Development Editor|Win64 = Development Editor|Win64
		Development|HTML5 = Development|HTML5
		Development|Win32 = Development|Win32
		Development|Win64 = Development|Win64
		Shipping|HTML5 = Shipping|HTML5
		Shipping|Win32 = Shipping|Win32
		Shipping|Win64 = Shipping|Win64
	EndGlobalSection
	GlobalSection(ProjectConfigurationPlatforms) = postSolution
		{9388BF0E-9A2A-4476-8049-EB606584AAD4}.DebugGame Editor|HTML5.ActiveCfg = BuiltWithUnrealBuildTool|Win32
		{9388BF0E-9A2A-4476-8049-EB606584AAD4}.DebugGame Editor|Win32.ActiveCfg = BuiltWithUnrealBuildTool|Win32
		{9388BF0E-9A2A-4476-8049-EB606584AAD4}.DebugGame Editor|Win64.ActiveCfg = BuiltWithUnrealBuildTool|Win32
		{9388BF0E-9A2A-4476-8049-EB606584AAD4}.DebugGame|HTML5.ActiveCfg = BuiltWithUnrealBuildTool|Win32
		{9388BF0E-9A2A-4476-8049-EB606584AAD4}.DebugGame|Win32.ActiveCfg = BuiltWithUnrealBuildTool|Win32
		{9388BF0E-9A2A-4476-8049-EB606584AAD4}.DebugGame|Win64.ActiveCfg = BuiltWithUnrealBuildTool|Win32
		{9388BF0E-9A2A-4476-8049-EB606584AAD4}.Development Editor|HTML5.ActiveCfg = BuiltWithUnrealBuildTool|Win32
		{9388BF0E-9A2A-4476-8049-EB606584AAD4}.Development Editor|Win32.ActiveCfg = BuiltWithUnrealBuildTool|Win32
		{9388BF0E-9A2A-4476-8049-EB606584AAD4}.Development Editor|Win64.ActiveCfg = BuiltWithUnrealBuildTool|Win32
		{9388BF0E-9A2A-4476-8049-EB606584AAD4}.Development|HTML5.ActiveCfg = BuiltWithUnrealBuildTool|Win32
		{9388BF0E-9A2A-4476-8049-EB606584AAD4}.Development|Win32.ActiveCfg = BuiltWithUnrealBuildTool|Win32
		{9388BF0E-9A2A-4476-8049-EB606584AAD4}.Development|Win64.ActiveCfg = BuiltWithUnrealBuildTool|Win32
		{9388BF0E-9A2A-4476-8049-EB606584AAD4}.Shipping|HTML5.ActiveCfg = BuiltWithUnrealBuildTool|Win32
		{9388BF0E-9A2A-4476-8049-EB606584AAD4}.Shipping|Win32.ActiveCfg = BuiltWithUnrealBuildTool|Win32
		{9388BF0E-9A2A-4476-8049-EB606584AAD4}.Shipping|Win64.ActiveCfg = BuiltWithUnrealBuildTool|Win32
		{11006450-078D-4395-BC6D-6D3BC48B2A59}.DebugGame Editor|HTML5.ActiveCfg = Invalid|Win32
		{11006450-078D-4395-BC6D-6D3BC48B2A59}.DebugGame Editor|Win32.ActiveCfg = Invalid|Win32
		{11006450-078D-4395-BC6D-6D3BC48B2A59}.DebugGame Editor|Win64.ActiveCfg = DebugGame_Editor|x64
		{11006450-078D-4395-BC6D-6D3BC48B2A59}.DebugGame Editor|Win64.Build.0 = DebugGame_Editor|x64
		{11006450-078D-4395-BC6D-6D3BC48B2A59}.DebugGame|HTML5.ActiveCfg = HTML5_DebugGame|Win32
		{11006450-078D-4395-BC6D-6D3BC48B2A59}.DebugGame|HTML5.Build.0 = HTML5_DebugGame|Win32
		{11006450-078D-4395-BC6D-6D3BC48B2A59}.DebugGame|Win32.ActiveCfg = DebugGame|Win32
		{11006450-078D-4395-BC6D-6D3BC48B2A59}.DebugGame|Win32.Build.0 = DebugGame|Win32
		{11006450-078D-4395-BC6D-6D3BC48B2A59}.DebugGame|Win64.ActiveCfg = DebugGame|x64
		{11006450-078D-4395-BC6D-6D3BC48B2A59}.DebugGame|Win64.Build.0 = DebugGame|x64
		{11006450-078D-4395-BC6D-6D3BC48B2A59}.Development Editor|HTML5.ActiveCfg = Invalid|Win32
		{11006450-078D-4395-BC6D-6D3BC48B2A59}.Development Editor|Win32.ActiveCfg = Invalid|Win32
		{11006450-078D-4395-BC6D-6D3BC48B2A59}.Development Editor|Win64.ActiveCfg = Development_Editor|x64
		{11006450-078D-4395-BC6D-6D3BC48B2A59}.Development Editor|Win64.Build.0 = Development_Editor|x64
		{11006450-078D-4395-BC6D-6D3BC48B2A59}.Development|HTML5.ActiveCfg = HTML5_Development|Win32
		{11006450-078D-4395-BC6D-6D3BC48B2A59}.Development|HTML5.Build.0 = HTML5_Development|Win32
		{11006450-078D-4395-BC6D-6D3BC48B2A59}.Development|Win32.ActiveCfg = Development|Win32
		{11006450-078D-4395-BC6D-6D3BC48B2A59}.Development|Win32.Build.0 = Development|Win32
		{11006450-078D-4395-BC6D-6D3BC48B2A59}.Development|Win64.ActiveCfg = Development|x64
		{11006450-078D-4395-BC6D-6D3BC48B2A59}.Development|Win64.Build.0 = Development|x64
		{11006450-078D-4395-BC6D-6D3BC48B2A59}.Shipping|HTML5.ActiveCfg = HTML5_Shipping|Win32
		{11006450-078D-4395-BC6D-6D3BC48B2A59}.Shipping|HTML5.Build.0 = HTML5_Shipping|Win32
		{11006450-078D-4395-BC6D-6D3BC48B2A59}.Shipping|Win32.ActiveCfg = Shipping|Win32
		{11006450-078D-4395-BC6D-6D3BC48B2A59}.Shipping|Win32.Build.0 = Shipping|Win32
		{11006450-078D-4395-BC6D-6D3BC48B2A59}.Shipping|Win64.ActiveCfg = Shipping|x64
		{11006450-078D-4395-BC6D-6D3BC48B2A59}.Shipping|Win64.Build.0 = Shipping|x64
	EndGlobalSection
	GlobalSection(SolutionProperties) = preSolution
		HideSolutionNode = FALSE
	EndGlobalSection
	GlobalSection(NestedProjects) = preSolution
		{9388BF0E-9A2A-4476-8049-EB606584AAD4} = {2FDB9CB2-9521-4C44-B806-BD3A5A47975F}
		{11006450-078D-4395-BC6D-6D3BC48B2A59} = {CD54E053-1B7B-4B65-858B-912FFEBDF7A5}
	EndGlobalSection
EndGlobal
